
Microsoft Visual Studio Solution File, Format Version 12.00
# Visual Studio Version 17
VisualStudioVersion = 17.5.33516.290
MinimumVisualStudioVersion = 10.0.40219.1
Project("{8BC9CEB8-8B4A-11D0-8D11-00A0C91BC942}") = "CPP_12", "CPP_12.vcxproj", "{B7784EF2-0182-4764-9DB1-E1BAC259F603}"
EndProject
Global
	GlobalSection(SolutionConfigurationPlatforms) = preSolution
		Debug|x64 = Debug|x64
		Debug|x86 = Debug|x86
		Release|x64 = Release|x64
		Release|x86 = Release|x86
	EndGlobalSection
	GlobalSection(ProjectConfigurationPlatforms) = postSolution
		{B7784EF2-0182-4764-9DB1-E1BAC259F603}.Debug|x64.ActiveCfg = Debug|x64
		{B7784EF2-0182-4764-9DB1-E1BAC259F603}.Debug|x64.Build.0 = Debug|x64
		{B7784EF2-0182-4764-9DB1-E1BAC259F603}.Debug|x86.ActiveCfg = Debug|Win32
		{B7784EF2-0182-4764-9DB1-E1BAC259F603}.Debug|x86.Build.0 = Debug|Win32
		{B7784EF2-0182-4764-9DB1-E1BAC259F603}.Release|x64.ActiveCfg = Release|x64
		{B7784EF2-0182-4764-9DB1-E1BAC259F603}.Release|x64.Build.0 = Release|x64
		{B7784EF2-0182-4764-9DB1-E1BAC259F603}.Release|x86.ActiveCfg = Release|Win32
		{B7784EF2-0182-4764-9DB1-E1BAC259F603}.Release|x86.Build.0 = Release|Win32
	EndGlobalSection
	GlobalSection(SolutionProperties) = preSolution
		HideSolutionNode = FALSE
	EndGlobalSection
	GlobalSection(ExtensibilityGlobals) = postSolution
		SolutionGuid = {71AE7E3E-4369-477E-95AD-8DEA1DAC58D8}
	EndGlobalSection
EndGlobal
